
Microsoft Visual Studio Solution File, Format Version 12.00
# Visual Studio Version 16
VisualStudioVersion = 16.0.30128.74
MinimumVisualStudioVersion = 10.0.40219.1
Project("{FAE04EC0-301F-11D3-BF4B-00C04F79EFBC}") = "BibliotecaEtec", "BibliotecaEtec\BibliotecaEtec.csproj", "{614F5C02-3E26-4A3D-A413-CA640523AF93}"
EndProject
Global
	GlobalSection(SolutionConfigurationPlatforms) = preSolution
		Debug|Any CPU = Debug|Any CPU
		Release|Any CPU = Release|Any CPU
	EndGlobalSection
	GlobalSection(ProjectConfigurationPlatforms) = postSolution
		{614F5C02-3E26-4A3D-A413-CA640523AF93}.Debug|Any CPU.ActiveCfg = Debug|Any CPU
		{614F5C02-3E26-4A3D-A413-CA640523AF93}.Debug|Any CPU.Build.0 = Debug|Any CPU
		{614F5C02-3E26-4A3D-A413-CA640523AF93}.Release|Any CPU.ActiveCfg = Release|Any CPU
		{614F5C02-3E26-4A3D-A413-CA640523AF93}.Release|Any CPU.Build.0 = Release|Any CPU
	EndGlobalSection
	GlobalSection(SolutionProperties) = preSolution
		HideSolutionNode = FALSE
	EndGlobalSection
	GlobalSection(ExtensibilityGlobals) = postSolution
		SolutionGuid = {671FC5E3-E611-4FBA-B642-8B4716E3C432}
	EndGlobalSection
EndGlobal
